
Microsoft Visual Studio Solution File, Format Version 12.00
# Visual Studio 15
VisualStudioVersion = 15.0.26730.12
MinimumVisualStudioVersion = 10.0.40219.1
Project("{FAE04EC0-301F-11D3-BF4B-00C04F79EFBC}") = "WindowsMetService", "WindowsMetService\WindowsMetService.csproj", "{D117E248-CA70-4902-8A5F-71660BB094B7}"
EndProject
Project("{54435603-DBB4-11D2-8724-00A0C9A8B90C}") = "Setup2", "Setup2\Setup2.vdproj", "{6E7B86E6-1DFD-4AA7-9B2C-5D024734FCC8}"
EndProject
Project("{FAE04EC0-301F-11D3-BF4B-00C04F79EFBC}") = "Copyinfo", "Copyinfo\Copyinfo.csproj", "{D0039D01-F7E7-42E7-BA90-F978312A7329}"
EndProject
Project("{888888A0-9F3D-457C-B088-3A5042F75D52}") = "ServerSide", "ServerSide\ServerSide.pyproj", "{BB45CD89-8ED3-4265-A4D7-FB734D8D523E}"
EndProject
Project("{FAE04EC0-301F-11D3-BF4B-00C04F79EFBC}") = "ObjectListView2012", "ObjectListView\ObjectListView2012.csproj", "{18FEDA0C-D147-4286-B39A-01204808106A}"
EndProject
Project("{888888A0-9F3D-457C-B088-3A5042F75D52}") = "MetSide", "MetSide\MetSide.pyproj", "{6841AC21-C9FE-4F31-8CCF-CC6972631787}"
EndProject
Project("{FAE04EC0-301F-11D3-BF4B-00C04F79EFBC}") = "UnitTests", "UnitTests\UnitTests.csproj", "{97A3021A-EDD2-430E-93EC-5D06AA137FDA}"
EndProject
Project("{FAE04EC0-301F-11D3-BF4B-00C04F79EFBC}") = "CopyinfoWPF", "CopyinfoWPF\CopyinfoWPF.csproj", "{8DEF84E7-FEA8-4675-8EE2-CECACA412078}"
EndProject
Project("{FAE04EC0-301F-11D3-BF4B-00C04F79EFBC}") = "CopyinfoWPF.Common", "CopyinfoWPF.Common\CopyinfoWPF.Common.csproj", "{E6158129-FB01-4111-8A04-6027E8E755A3}"
EndProject
Project("{FAE04EC0-301F-11D3-BF4B-00C04F79EFBC}") = "CopyinfoWPF.Security", "CopyinfoWPF.Security\CopyinfoWPF.Security.csproj", "{4C7F6516-2DD1-4EF9-9F14-69D32FE6840D}"
EndProject
Project("{00D1A9C2-B5F0-4AF3-8072-F6C62B433612}") = "Copyinfo.Database", "Copyinfo.Database\Copyinfo.Database.sqlproj", "{5A481FD4-D419-4062-A733-92B2F3C24874}"
EndProject
Project("{FAE04EC0-301F-11D3-BF4B-00C04F79EFBC}") = "CopyinfoWPF.ORM", "CopyinfoWPF.ORM\CopyinfoWPF.ORM.csproj", "{6A9C499D-22B2-4B58-909D-0A524B0461D1}"
EndProject
Project("{FAE04EC0-301F-11D3-BF4B-00C04F79EFBC}") = "CopyinfoWPF.ORM.Tests", "CopyinfoWPF.ORM.Tests\CopyinfoWPF.ORM.Tests.csproj", "{EBBA8ABB-8CAA-4BEF-95CC-0621EC486377}"
EndProject
Project("{FAE04EC0-301F-11D3-BF4B-00C04F79EFBC}") = "CopyinfoWPF.Repository", "CopyinfoWPF.Repository\CopyinfoWPF.Repository.csproj", "{03C67F50-9A2D-4756-92A5-1D151D5D2A61}"
EndProject
Project("{FAE04EC0-301F-11D3-BF4B-00C04F79EFBC}") = "CopyinfoWPF.Repository.Tests", "CopyinfoWPF.Repository.Tests\CopyinfoWPF.Repository.Tests.csproj", "{EBA33B7F-1FA3-4E2A-B1F1-22307B092F3C}"
EndProject
Project("{FAE04EC0-301F-11D3-BF4B-00C04F79EFBC}") = "CopyinfoWPF.Services", "CopyinfoWPF.Services\CopyinfoWPF.Services.csproj", "{C1300DBF-4F6E-4D5E-8504-5016975841F0}"
EndProject
Project("{FAE04EC0-301F-11D3-BF4B-00C04F79EFBC}") = "CopyinfoWPF.Configuration", "CopyinfoWPF.Configuration\CopyinfoWPF.Configuration.csproj", "{A2E9387E-3403-4AD0-B188-02EF62FBDE47}"
EndProject
Project("{FAE04EC0-301F-11D3-BF4B-00C04F79EFBC}") = "CopyinfoWPF.Services.Tests", "CopyinfoWPF.Services.Tests\CopyinfoWPF.Services.Tests.csproj", "{260D8137-CE7A-494C-8F0E-71B3AACAAB41}"
EndProject
Global
	GlobalSection(SolutionConfigurationPlatforms) = preSolution
		Debug|Any CPU = Debug|Any CPU
		Release|Any CPU = Release|Any CPU
	EndGlobalSection
	GlobalSection(ProjectConfigurationPlatforms) = postSolution
		{D117E248-CA70-4902-8A5F-71660BB094B7}.Debug|Any CPU.ActiveCfg = Debug|Any CPU
		{D117E248-CA70-4902-8A5F-71660BB094B7}.Debug|Any CPU.Build.0 = Debug|Any CPU
		{D117E248-CA70-4902-8A5F-71660BB094B7}.Release|Any CPU.ActiveCfg = Release|Any CPU
		{D117E248-CA70-4902-8A5F-71660BB094B7}.Release|Any CPU.Build.0 = Release|Any CPU
		{6E7B86E6-1DFD-4AA7-9B2C-5D024734FCC8}.Debug|Any CPU.ActiveCfg = Debug
		{6E7B86E6-1DFD-4AA7-9B2C-5D024734FCC8}.Release|Any CPU.ActiveCfg = Release
		{D0039D01-F7E7-42E7-BA90-F978312A7329}.Debug|Any CPU.ActiveCfg = Debug|Any CPU
		{D0039D01-F7E7-42E7-BA90-F978312A7329}.Debug|Any CPU.Build.0 = Debug|Any CPU
		{D0039D01-F7E7-42E7-BA90-F978312A7329}.Release|Any CPU.ActiveCfg = Release|Any CPU
		{BB45CD89-8ED3-4265-A4D7-FB734D8D523E}.Debug|Any CPU.ActiveCfg = Debug|Any CPU
		{BB45CD89-8ED3-4265-A4D7-FB734D8D523E}.Release|Any CPU.ActiveCfg = Release|Any CPU
		{18FEDA0C-D147-4286-B39A-01204808106A}.Debug|Any CPU.ActiveCfg = Debug|Any CPU
		{18FEDA0C-D147-4286-B39A-01204808106A}.Debug|Any CPU.Build.0 = Debug|Any CPU
		{18FEDA0C-D147-4286-B39A-01204808106A}.Release|Any CPU.ActiveCfg = Release|Any CPU
		{18FEDA0C-D147-4286-B39A-01204808106A}.Release|Any CPU.Build.0 = Release|Any CPU
		{6841AC21-C9FE-4F31-8CCF-CC6972631787}.Debug|Any CPU.ActiveCfg = Debug|Any CPU
		{6841AC21-C9FE-4F31-8CCF-CC6972631787}.Release|Any CPU.ActiveCfg = Release|Any CPU
		{97A3021A-EDD2-430E-93EC-5D06AA137FDA}.Debug|Any CPU.ActiveCfg = Debug|Any CPU
		{97A3021A-EDD2-430E-93EC-5D06AA137FDA}.Debug|Any CPU.Build.0 = Debug|Any CPU
		{97A3021A-EDD2-430E-93EC-5D06AA137FDA}.Release|Any CPU.ActiveCfg = Release|Any CPU
		{97A3021A-EDD2-430E-93EC-5D06AA137FDA}.Release|Any CPU.Build.0 = Release|Any CPU
		{8DEF84E7-FEA8-4675-8EE2-CECACA412078}.Debug|Any CPU.ActiveCfg = Debug|Any CPU
		{8DEF84E7-FEA8-4675-8EE2-CECACA412078}.Debug|Any CPU.Build.0 = Debug|Any CPU
		{8DEF84E7-FEA8-4675-8EE2-CECACA412078}.Release|Any CPU.ActiveCfg = Release|Any CPU
		{8DEF84E7-FEA8-4675-8EE2-CECACA412078}.Release|Any CPU.Build.0 = Release|Any CPU
		{E6158129-FB01-4111-8A04-6027E8E755A3}.Debug|Any CPU.ActiveCfg = Debug|Any CPU
		{E6158129-FB01-4111-8A04-6027E8E755A3}.Debug|Any CPU.Build.0 = Debug|Any CPU
		{E6158129-FB01-4111-8A04-6027E8E755A3}.Release|Any CPU.ActiveCfg = Release|Any CPU
		{E6158129-FB01-4111-8A04-6027E8E755A3}.Release|Any CPU.Build.0 = Release|Any CPU
		{4C7F6516-2DD1-4EF9-9F14-69D32FE6840D}.Debug|Any CPU.ActiveCfg = Debug|Any CPU
		{4C7F6516-2DD1-4EF9-9F14-69D32FE6840D}.Debug|Any CPU.Build.0 = Debug|Any CPU
		{4C7F6516-2DD1-4EF9-9F14-69D32FE6840D}.Release|Any CPU.ActiveCfg = Release|Any CPU
		{4C7F6516-2DD1-4EF9-9F14-69D32FE6840D}.Release|Any CPU.Build.0 = Release|Any CPU
		{5A481FD4-D419-4062-A733-92B2F3C24874}.Debug|Any CPU.ActiveCfg = Debug|Any CPU
		{5A481FD4-D419-4062-A733-92B2F3C24874}.Debug|Any CPU.Build.0 = Debug|Any CPU
		{5A481FD4-D419-4062-A733-92B2F3C24874}.Debug|Any CPU.Deploy.0 = Debug|Any CPU
		{5A481FD4-D419-4062-A733-92B2F3C24874}.Release|Any CPU.ActiveCfg = Release|Any CPU
		{5A481FD4-D419-4062-A733-92B2F3C24874}.Release|Any CPU.Build.0 = Release|Any CPU
		{5A481FD4-D419-4062-A733-92B2F3C24874}.Release|Any CPU.Deploy.0 = Release|Any CPU
		{6A9C499D-22B2-4B58-909D-0A524B0461D1}.Debug|Any CPU.ActiveCfg = Debug|Any CPU
		{6A9C499D-22B2-4B58-909D-0A524B0461D1}.Debug|Any CPU.Build.0 = Debug|Any CPU
		{6A9C499D-22B2-4B58-909D-0A524B0461D1}.Release|Any CPU.ActiveCfg = Release|Any CPU
		{6A9C499D-22B2-4B58-909D-0A524B0461D1}.Release|Any CPU.Build.0 = Release|Any CPU
		{EBBA8ABB-8CAA-4BEF-95CC-0621EC486377}.Debug|Any CPU.ActiveCfg = Debug|Any CPU
		{EBBA8ABB-8CAA-4BEF-95CC-0621EC486377}.Debug|Any CPU.Build.0 = Debug|Any CPU
		{EBBA8ABB-8CAA-4BEF-95CC-0621EC486377}.Release|Any CPU.ActiveCfg = Release|Any CPU
		{EBBA8ABB-8CAA-4BEF-95CC-0621EC486377}.Release|Any CPU.Build.0 = Release|Any CPU
		{03C67F50-9A2D-4756-92A5-1D151D5D2A61}.Debug|Any CPU.ActiveCfg = Debug|Any CPU
		{03C67F50-9A2D-4756-92A5-1D151D5D2A61}.Debug|Any CPU.Build.0 = Debug|Any CPU
		{03C67F50-9A2D-4756-92A5-1D151D5D2A61}.Release|Any CPU.ActiveCfg = Release|Any CPU
		{03C67F50-9A2D-4756-92A5-1D151D5D2A61}.Release|Any CPU.Build.0 = Release|Any CPU
		{EBA33B7F-1FA3-4E2A-B1F1-22307B092F3C}.Debug|Any CPU.ActiveCfg = Debug|Any CPU
		{EBA33B7F-1FA3-4E2A-B1F1-22307B092F3C}.Debug|Any CPU.Build.0 = Debug|Any CPU
		{EBA33B7F-1FA3-4E2A-B1F1-22307B092F3C}.Release|Any CPU.ActiveCfg = Release|Any CPU
		{EBA33B7F-1FA3-4E2A-B1F1-22307B092F3C}.Release|Any CPU.Build.0 = Release|Any CPU
		{C1300DBF-4F6E-4D5E-8504-5016975841F0}.Debug|Any CPU.ActiveCfg = Debug|Any CPU
		{C1300DBF-4F6E-4D5E-8504-5016975841F0}.Debug|Any CPU.Build.0 = Debug|Any CPU
		{C1300DBF-4F6E-4D5E-8504-5016975841F0}.Release|Any CPU.ActiveCfg = Release|Any CPU
		{C1300DBF-4F6E-4D5E-8504-5016975841F0}.Release|Any CPU.Build.0 = Release|Any CPU
		{A2E9387E-3403-4AD0-B188-02EF62FBDE47}.Debug|Any CPU.ActiveCfg = Debug|Any CPU
		{A2E9387E-3403-4AD0-B188-02EF62FBDE47}.Debug|Any CPU.Build.0 = Debug|Any CPU
		{A2E9387E-3403-4AD0-B188-02EF62FBDE47}.Release|Any CPU.ActiveCfg = Release|Any CPU
		{A2E9387E-3403-4AD0-B188-02EF62FBDE47}.Release|Any CPU.Build.0 = Release|Any CPU
		{260D8137-CE7A-494C-8F0E-71B3AACAAB41}.Debug|Any CPU.ActiveCfg = Debug|Any CPU
		{260D8137-CE7A-494C-8F0E-71B3AACAAB41}.Debug|Any CPU.Build.0 = Debug|Any CPU
		{260D8137-CE7A-494C-8F0E-71B3AACAAB41}.Release|Any CPU.ActiveCfg = Release|Any CPU
		{260D8137-CE7A-494C-8F0E-71B3AACAAB41}.Release|Any CPU.Build.0 = Release|Any CPU
	EndGlobalSection
	GlobalSection(SolutionProperties) = preSolution
		HideSolutionNode = FALSE
	EndGlobalSection
	GlobalSection(ExtensibilityGlobals) = postSolution
		SolutionGuid = {86DC31DC-01FC-4659-B3DE-8F3B5158ECFC}
	EndGlobalSection
EndGlobal
